
Microsoft Visual Studio Solution File, Format Version 12.00
# Visual Studio Version 17
VisualStudioVersion = 17.14.36202.13
MinimumVisualStudioVersion = 10.0.40219.1
Project("{FAE04EC0-301F-11D3-BF4B-00C04F79EFBC}") = "ex_RemoteValidation", "ex_RemoteValidation\ex_RemoteValidation.csproj", "{357C672F-C672-497E-AF0F-1270A096322F}"
EndProject
Project("{FAE04EC0-301F-11D3-BF4B-00C04F79EFBC}") = "ex_TableDataDashboard", "ex_TableDataDashboard\ex_TableDataDashboard.csproj", "{3E22ADF7-D75C-4ED2-9410-88D5A6994045}"
EndProject
Project("{FAE04EC0-301F-11D3-BF4B-00C04F79EFBC}") = "MSE.StockExchange", "MSE.StockExchange\MSE.StockExchange.csproj", "{9B8AA18B-9C60-43F4-B112-B743CD1BCE64}"
EndProject
Project("{2150E333-8FDC-42A3-9474-1A3956D46DE8}") = "DynamicExcelSystem", "DynamicExcelSystem", "{3D7BAFFB-3D09-3D19-997E-EB5C0C18DDE0}"
EndProject
Project("{FAE04EC0-301F-11D3-BF4B-00C04F79EFBC}") = "DynamicExcel.Core", "DynamicExcelSystem\DynamicExcel.Core\DynamicExcel.Core.csproj", "{5047175F-E5E7-47B8-8738-9FB2E73D55EA}"
EndProject
Project("{FAE04EC0-301F-11D3-BF4B-00C04F79EFBC}") = "DynamicExcel.Infrastructure", "DynamicExcelSystem\DynamicExcel.Infrastructure\DynamicExcel.Infrastructure.csproj", "{33F3919B-CD71-4765-B1DA-3DA10FB21B3C}"
EndProject
Project("{FAE04EC0-301F-11D3-BF4B-00C04F79EFBC}") = "DynamicExcel.Web", "DynamicExcelSystem\DynamicExcel.Web\DynamicExcel.Web.csproj", "{83A221B6-0318-4039-BE75-3C4DB65790B5}"
EndProject
Project("{2150E333-8FDC-42A3-9474-1A3956D46DE8}") = "ApiTester", "ApiTester", "{45A64FBB-C8E4-B0EE-4D25-67C442784625}"
EndProject
Project("{FAE04EC0-301F-11D3-BF4B-00C04F79EFBC}") = "ApiTester.Domain", "ApiTester\ApiTester.Domain\ApiTester.Domain.csproj", "{E81752A5-A068-4E01-A8DA-9C20F39A4257}"
EndProject
Project("{FAE04EC0-301F-11D3-BF4B-00C04F79EFBC}") = "ApiTester.Application", "ApiTester\ApiTester.Application\ApiTester.Application.csproj", "{68617C79-635E-4441-AF7F-C0E712C6A99B}"
EndProject
Project("{FAE04EC0-301F-11D3-BF4B-00C04F79EFBC}") = "ApiTester.Infrastructure", "ApiTester\ApiTester.Infrastructure\ApiTester.Infrastructure.csproj", "{0EDE63AE-F87E-4C0A-A59E-EE6514392B12}"
EndProject
Project("{FAE04EC0-301F-11D3-BF4B-00C04F79EFBC}") = "ApiTester.Web", "ApiTester\ApiTester.Web\ApiTester.Web.csproj", "{CD6928DE-7974-4A2D-B43C-8ED4A57F1B8D}"
EndProject
Project("{FAE04EC0-301F-11D3-BF4B-00C04F79EFBC}") = "chatApp", "chatApp\chatApp.csproj", "{4AAD9CAE-B095-3F5F-CF1E-26EE5776EB75}"
EndProject
Project("{2150E333-8FDC-42A3-9474-1A3956D46DE8}") = "ApplicationManagementSystem", "ApplicationManagementSystem", "{02EA681E-C7D8-13C7-8484-4AC65E1B71E8}"
EndProject
Project("{FAE04EC0-301F-11D3-BF4B-00C04F79EFBC}") = "AMS.Web", "AM\ApplicationManagement.Web\AMS.Web.csproj", "{C1756F90-B5F0-4DBC-B1BC-ECE8A8E2D0B7}"
EndProject
Project("{FAE04EC0-301F-11D3-BF4B-00C04F79EFBC}") = "AMS.Core", "AM\ApplicationManagement.Core\AMS.Core.csproj", "{7EA9E67B-CC12-4B6B-888B-70E37023DA5A}"
EndProject
Project("{FAE04EC0-301F-11D3-BF4B-00C04F79EFBC}") = "AMS.Infrastructure", "AM\ApplicationManagement.Infrastructure\AMS.Infrastructure.csproj", "{23474816-A8A4-4B38-B584-26EA53FFE3F6}"
EndProject
Project("{FAE04EC0-301F-11D3-BF4B-00C04F79EFBC}") = "AMS.Application", "AM\ApplicationManagement.Application\AMS.Application.csproj", "{44597E86-0300-4F4E-9E72-771D4C9E4009}"
EndProject
Project("{FAE04EC0-301F-11D3-BF4B-00C04F79EFBC}") = "AMS.Domain", "AM\ApplicationManagement.Domain\AMS.Domain.csproj", "{07EE1022-EB9E-4B61-BE5A-A0D5CBF8EC03}"
EndProject
Global
	GlobalSection(SolutionConfigurationPlatforms) = preSolution
		Debug|Any CPU = Debug|Any CPU
		Debug|x64 = Debug|x64
		Debug|x86 = Debug|x86
		Release|Any CPU = Release|Any CPU
		Release|x64 = Release|x64
		Release|x86 = Release|x86
	EndGlobalSection
	GlobalSection(ProjectConfigurationPlatforms) = postSolution
		{357C672F-C672-497E-AF0F-1270A096322F}.Debug|Any CPU.ActiveCfg = Debug|Any CPU
		{357C672F-C672-497E-AF0F-1270A096322F}.Debug|Any CPU.Build.0 = Debug|Any CPU
		{357C672F-C672-497E-AF0F-1270A096322F}.Debug|x64.ActiveCfg = Debug|Any CPU
		{357C672F-C672-497E-AF0F-1270A096322F}.Debug|x64.Build.0 = Debug|Any CPU
		{357C672F-C672-497E-AF0F-1270A096322F}.Debug|x86.ActiveCfg = Debug|Any CPU
		{357C672F-C672-497E-AF0F-1270A096322F}.Debug|x86.Build.0 = Debug|Any CPU
		{357C672F-C672-497E-AF0F-1270A096322F}.Release|Any CPU.ActiveCfg = Release|Any CPU
		{357C672F-C672-497E-AF0F-1270A096322F}.Release|Any CPU.Build.0 = Release|Any CPU
		{357C672F-C672-497E-AF0F-1270A096322F}.Release|x64.ActiveCfg = Release|Any CPU
		{357C672F-C672-497E-AF0F-1270A096322F}.Release|x64.Build.0 = Release|Any CPU
		{357C672F-C672-497E-AF0F-1270A096322F}.Release|x86.ActiveCfg = Release|Any CPU
		{357C672F-C672-497E-AF0F-1270A096322F}.Release|x86.Build.0 = Release|Any CPU
		{3E22ADF7-D75C-4ED2-9410-88D5A6994045}.Debug|Any CPU.ActiveCfg = Debug|Any CPU
		{3E22ADF7-D75C-4ED2-9410-88D5A6994045}.Debug|Any CPU.Build.0 = Debug|Any CPU
		{3E22ADF7-D75C-4ED2-9410-88D5A6994045}.Debug|x64.ActiveCfg = Debug|Any CPU
		{3E22ADF7-D75C-4ED2-9410-88D5A6994045}.Debug|x64.Build.0 = Debug|Any CPU
		{3E22ADF7-D75C-4ED2-9410-88D5A6994045}.Debug|x86.ActiveCfg = Debug|Any CPU
		{3E22ADF7-D75C-4ED2-9410-88D5A6994045}.Debug|x86.Build.0 = Debug|Any CPU
		{3E22ADF7-D75C-4ED2-9410-88D5A6994045}.Release|Any CPU.ActiveCfg = Release|Any CPU
		{3E22ADF7-D75C-4ED2-9410-88D5A6994045}.Release|Any CPU.Build.0 = Release|Any CPU
		{3E22ADF7-D75C-4ED2-9410-88D5A6994045}.Release|x64.ActiveCfg = Release|Any CPU
		{3E22ADF7-D75C-4ED2-9410-88D5A6994045}.Release|x64.Build.0 = Release|Any CPU
		{3E22ADF7-D75C-4ED2-9410-88D5A6994045}.Release|x86.ActiveCfg = Release|Any CPU
		{3E22ADF7-D75C-4ED2-9410-88D5A6994045}.Release|x86.Build.0 = Release|Any CPU
		{9B8AA18B-9C60-43F4-B112-B743CD1BCE64}.Debug|Any CPU.ActiveCfg = Debug|Any CPU
		{9B8AA18B-9C60-43F4-B112-B743CD1BCE64}.Debug|Any CPU.Build.0 = Debug|Any CPU
		{9B8AA18B-9C60-43F4-B112-B743CD1BCE64}.Debug|x64.ActiveCfg = Debug|Any CPU
		{9B8AA18B-9C60-43F4-B112-B743CD1BCE64}.Debug|x64.Build.0 = Debug|Any CPU
		{9B8AA18B-9C60-43F4-B112-B743CD1BCE64}.Debug|x86.ActiveCfg = Debug|Any CPU
		{9B8AA18B-9C60-43F4-B112-B743CD1BCE64}.Debug|x86.Build.0 = Debug|Any CPU
		{9B8AA18B-9C60-43F4-B112-B743CD1BCE64}.Release|Any CPU.ActiveCfg = Release|Any CPU
		{9B8AA18B-9C60-43F4-B112-B743CD1BCE64}.Release|Any CPU.Build.0 = Release|Any CPU
		{9B8AA18B-9C60-43F4-B112-B743CD1BCE64}.Release|x64.ActiveCfg = Release|Any CPU
		{9B8AA18B-9C60-43F4-B112-B743CD1BCE64}.Release|x64.Build.0 = Release|Any CPU
		{9B8AA18B-9C60-43F4-B112-B743CD1BCE64}.Release|x86.ActiveCfg = Release|Any CPU
		{9B8AA18B-9C60-43F4-B112-B743CD1BCE64}.Release|x86.Build.0 = Release|Any CPU
		{5047175F-E5E7-47B8-8738-9FB2E73D55EA}.Debug|Any CPU.ActiveCfg = Debug|Any CPU
		{5047175F-E5E7-47B8-8738-9FB2E73D55EA}.Debug|Any CPU.Build.0 = Debug|Any CPU
		{5047175F-E5E7-47B8-8738-9FB2E73D55EA}.Debug|x64.ActiveCfg = Debug|Any CPU
		{5047175F-E5E7-47B8-8738-9FB2E73D55EA}.Debug|x64.Build.0 = Debug|Any CPU
		{5047175F-E5E7-47B8-8738-9FB2E73D55EA}.Debug|x86.ActiveCfg = Debug|Any CPU
		{5047175F-E5E7-47B8-8738-9FB2E73D55EA}.Debug|x86.Build.0 = Debug|Any CPU
		{5047175F-E5E7-47B8-8738-9FB2E73D55EA}.Release|Any CPU.ActiveCfg = Release|Any CPU
		{5047175F-E5E7-47B8-8738-9FB2E73D55EA}.Release|Any CPU.Build.0 = Release|Any CPU
		{5047175F-E5E7-47B8-8738-9FB2E73D55EA}.Release|x64.ActiveCfg = Release|Any CPU
		{5047175F-E5E7-47B8-8738-9FB2E73D55EA}.Release|x64.Build.0 = Release|Any CPU
		{5047175F-E5E7-47B8-8738-9FB2E73D55EA}.Release|x86.ActiveCfg = Release|Any CPU
		{5047175F-E5E7-47B8-8738-9FB2E73D55EA}.Release|x86.Build.0 = Release|Any CPU
		{33F3919B-CD71-4765-B1DA-3DA10FB21B3C}.Debug|Any CPU.ActiveCfg = Debug|Any CPU
		{33F3919B-CD71-4765-B1DA-3DA10FB21B3C}.Debug|Any CPU.Build.0 = Debug|Any CPU
		{33F3919B-CD71-4765-B1DA-3DA10FB21B3C}.Debug|x64.ActiveCfg = Debug|Any CPU
		{33F3919B-CD71-4765-B1DA-3DA10FB21B3C}.Debug|x64.Build.0 = Debug|Any CPU
		{33F3919B-CD71-4765-B1DA-3DA10FB21B3C}.Debug|x86.ActiveCfg = Debug|Any CPU
		{33F3919B-CD71-4765-B1DA-3DA10FB21B3C}.Debug|x86.Build.0 = Debug|Any CPU
		{33F3919B-CD71-4765-B1DA-3DA10FB21B3C}.Release|Any CPU.ActiveCfg = Release|Any CPU
		{33F3919B-CD71-4765-B1DA-3DA10FB21B3C}.Release|Any CPU.Build.0 = Release|Any CPU
		{33F3919B-CD71-4765-B1DA-3DA10FB21B3C}.Release|x64.ActiveCfg = Release|Any CPU
		{33F3919B-CD71-4765-B1DA-3DA10FB21B3C}.Release|x64.Build.0 = Release|Any CPU
		{33F3919B-CD71-4765-B1DA-3DA10FB21B3C}.Release|x86.ActiveCfg = Release|Any CPU
		{33F3919B-CD71-4765-B1DA-3DA10FB21B3C}.Release|x86.Build.0 = Release|Any CPU
		{83A221B6-0318-4039-BE75-3C4DB65790B5}.Debug|Any CPU.ActiveCfg = Debug|Any CPU
		{83A221B6-0318-4039-BE75-3C4DB65790B5}.Debug|Any CPU.Build.0 = Debug|Any CPU
		{83A221B6-0318-4039-BE75-3C4DB65790B5}.Debug|x64.ActiveCfg = Debug|Any CPU
		{83A221B6-0318-4039-BE75-3C4DB65790B5}.Debug|x64.Build.0 = Debug|Any CPU
		{83A221B6-0318-4039-BE75-3C4DB65790B5}.Debug|x86.ActiveCfg = Debug|Any CPU
		{83A221B6-0318-4039-BE75-3C4DB65790B5}.Debug|x86.Build.0 = Debug|Any CPU
		{83A221B6-0318-4039-BE75-3C4DB65790B5}.Release|Any CPU.ActiveCfg = Release|Any CPU
		{83A221B6-0318-4039-BE75-3C4DB65790B5}.Release|Any CPU.Build.0 = Release|Any CPU
		{83A221B6-0318-4039-BE75-3C4DB65790B5}.Release|x64.ActiveCfg = Release|Any CPU
		{83A221B6-0318-4039-BE75-3C4DB65790B5}.Release|x64.Build.0 = Release|Any CPU
		{83A221B6-0318-4039-BE75-3C4DB65790B5}.Release|x86.ActiveCfg = Release|Any CPU
		{83A221B6-0318-4039-BE75-3C4DB65790B5}.Release|x86.Build.0 = Release|Any CPU
		{E81752A5-A068-4E01-A8DA-9C20F39A4257}.Debug|Any CPU.ActiveCfg = Debug|Any CPU
		{E81752A5-A068-4E01-A8DA-9C20F39A4257}.Debug|Any CPU.Build.0 = Debug|Any CPU
		{E81752A5-A068-4E01-A8DA-9C20F39A4257}.Debug|x64.ActiveCfg = Debug|Any CPU
		{E81752A5-A068-4E01-A8DA-9C20F39A4257}.Debug|x64.Build.0 = Debug|Any CPU
		{E81752A5-A068-4E01-A8DA-9C20F39A4257}.Debug|x86.ActiveCfg = Debug|Any CPU
		{E81752A5-A068-4E01-A8DA-9C20F39A4257}.Debug|x86.Build.0 = Debug|Any CPU
		{E81752A5-A068-4E01-A8DA-9C20F39A4257}.Release|Any CPU.ActiveCfg = Release|Any CPU
		{E81752A5-A068-4E01-A8DA-9C20F39A4257}.Release|Any CPU.Build.0 = Release|Any CPU
		{E81752A5-A068-4E01-A8DA-9C20F39A4257}.Release|x64.ActiveCfg = Release|Any CPU
		{E81752A5-A068-4E01-A8DA-9C20F39A4257}.Release|x64.Build.0 = Release|Any CPU
		{E81752A5-A068-4E01-A8DA-9C20F39A4257}.Release|x86.ActiveCfg = Release|Any CPU
		{E81752A5-A068-4E01-A8DA-9C20F39A4257}.Release|x86.Build.0 = Release|Any CPU
		{68617C79-635E-4441-AF7F-C0E712C6A99B}.Debug|Any CPU.ActiveCfg = Debug|Any CPU
		{68617C79-635E-4441-AF7F-C0E712C6A99B}.Debug|Any CPU.Build.0 = Debug|Any CPU
		{68617C79-635E-4441-AF7F-C0E712C6A99B}.Debug|x64.ActiveCfg = Debug|Any CPU
		{68617C79-635E-4441-AF7F-C0E712C6A99B}.Debug|x64.Build.0 = Debug|Any CPU
		{68617C79-635E-4441-AF7F-C0E712C6A99B}.Debug|x86.ActiveCfg = Debug|Any CPU
		{68617C79-635E-4441-AF7F-C0E712C6A99B}.Debug|x86.Build.0 = Debug|Any CPU
		{68617C79-635E-4441-AF7F-C0E712C6A99B}.Release|Any CPU.ActiveCfg = Release|Any CPU
		{68617C79-635E-4441-AF7F-C0E712C6A99B}.Release|Any CPU.Build.0 = Release|Any CPU
		{68617C79-635E-4441-AF7F-C0E712C6A99B}.Release|x64.ActiveCfg = Release|Any CPU
		{68617C79-635E-4441-AF7F-C0E712C6A99B}.Release|x64.Build.0 = Release|Any CPU
		{68617C79-635E-4441-AF7F-C0E712C6A99B}.Release|x86.ActiveCfg = Release|Any CPU
		{68617C79-635E-4441-AF7F-C0E712C6A99B}.Release|x86.Build.0 = Release|Any CPU
		{0EDE63AE-F87E-4C0A-A59E-EE6514392B12}.Debug|Any CPU.ActiveCfg = Debug|Any CPU
		{0EDE63AE-F87E-4C0A-A59E-EE6514392B12}.Debug|Any CPU.Build.0 = Debug|Any CPU
		{0EDE63AE-F87E-4C0A-A59E-EE6514392B12}.Debug|x64.ActiveCfg = Debug|Any CPU
		{0EDE63AE-F87E-4C0A-A59E-EE6514392B12}.Debug|x64.Build.0 = Debug|Any CPU
		{0EDE63AE-F87E-4C0A-A59E-EE6514392B12}.Debug|x86.ActiveCfg = Debug|Any CPU
		{0EDE63AE-F87E-4C0A-A59E-EE6514392B12}.Debug|x86.Build.0 = Debug|Any CPU
		{0EDE63AE-F87E-4C0A-A59E-EE6514392B12}.Release|Any CPU.ActiveCfg = Release|Any CPU
		{0EDE63AE-F87E-4C0A-A59E-EE6514392B12}.Release|Any CPU.Build.0 = Release|Any CPU
		{0EDE63AE-F87E-4C0A-A59E-EE6514392B12}.Release|x64.ActiveCfg = Release|Any CPU
		{0EDE63AE-F87E-4C0A-A59E-EE6514392B12}.Release|x64.Build.0 = Release|Any CPU
		{0EDE63AE-F87E-4C0A-A59E-EE6514392B12}.Release|x86.ActiveCfg = Release|Any CPU
		{0EDE63AE-F87E-4C0A-A59E-EE6514392B12}.Release|x86.Build.0 = Release|Any CPU
		{CD6928DE-7974-4A2D-B43C-8ED4A57F1B8D}.Debug|Any CPU.ActiveCfg = Debug|Any CPU
		{CD6928DE-7974-4A2D-B43C-8ED4A57F1B8D}.Debug|Any CPU.Build.0 = Debug|Any CPU
		{CD6928DE-7974-4A2D-B43C-8ED4A57F1B8D}.Debug|x64.ActiveCfg = Debug|Any CPU
		{CD6928DE-7974-4A2D-B43C-8ED4A57F1B8D}.Debug|x64.Build.0 = Debug|Any CPU
		{CD6928DE-7974-4A2D-B43C-8ED4A57F1B8D}.Debug|x86.ActiveCfg = Debug|Any CPU
		{CD6928DE-7974-4A2D-B43C-8ED4A57F1B8D}.Debug|x86.Build.0 = Debug|Any CPU
		{CD6928DE-7974-4A2D-B43C-8ED4A57F1B8D}.Release|Any CPU.ActiveCfg = Release|Any CPU
		{CD6928DE-7974-4A2D-B43C-8ED4A57F1B8D}.Release|Any CPU.Build.0 = Release|Any CPU
		{CD6928DE-7974-4A2D-B43C-8ED4A57F1B8D}.Release|x64.ActiveCfg = Release|Any CPU
		{CD6928DE-7974-4A2D-B43C-8ED4A57F1B8D}.Release|x64.Build.0 = Release|Any CPU
		{CD6928DE-7974-4A2D-B43C-8ED4A57F1B8D}.Release|x86.ActiveCfg = Release|Any CPU
		{CD6928DE-7974-4A2D-B43C-8ED4A57F1B8D}.Release|x86.Build.0 = Release|Any CPU
		{4AAD9CAE-B095-3F5F-CF1E-26EE5776EB75}.Debug|Any CPU.ActiveCfg = Debug|Any CPU
		{4AAD9CAE-B095-3F5F-CF1E-26EE5776EB75}.Debug|Any CPU.Build.0 = Debug|Any CPU
		{4AAD9CAE-B095-3F5F-CF1E-26EE5776EB75}.Debug|x64.ActiveCfg = Debug|Any CPU
		{4AAD9CAE-B095-3F5F-CF1E-26EE5776EB75}.Debug|x64.Build.0 = Debug|Any CPU
		{4AAD9CAE-B095-3F5F-CF1E-26EE5776EB75}.Debug|x86.ActiveCfg = Debug|Any CPU
		{4AAD9CAE-B095-3F5F-CF1E-26EE5776EB75}.Debug|x86.Build.0 = Debug|Any CPU
		{4AAD9CAE-B095-3F5F-CF1E-26EE5776EB75}.Release|Any CPU.ActiveCfg = Release|Any CPU
		{4AAD9CAE-B095-3F5F-CF1E-26EE5776EB75}.Release|Any CPU.Build.0 = Release|Any CPU
		{4AAD9CAE-B095-3F5F-CF1E-26EE5776EB75}.Release|x64.ActiveCfg = Release|Any CPU
		{4AAD9CAE-B095-3F5F-CF1E-26EE5776EB75}.Release|x64.Build.0 = Release|Any CPU
		{4AAD9CAE-B095-3F5F-CF1E-26EE5776EB75}.Release|x86.ActiveCfg = Release|Any CPU
		{4AAD9CAE-B095-3F5F-CF1E-26EE5776EB75}.Release|x86.Build.0 = Release|Any CPU
		{C1756F90-B5F0-4DBC-B1BC-ECE8A8E2D0B7}.Debug|Any CPU.ActiveCfg = Debug|Any CPU
		{C1756F90-B5F0-4DBC-B1BC-ECE8A8E2D0B7}.Debug|Any CPU.Build.0 = Debug|Any CPU
		{C1756F90-B5F0-4DBC-B1BC-ECE8A8E2D0B7}.Debug|x64.ActiveCfg = Debug|Any CPU
		{C1756F90-B5F0-4DBC-B1BC-ECE8A8E2D0B7}.Debug|x64.Build.0 = Debug|Any CPU
		{C1756F90-B5F0-4DBC-B1BC-ECE8A8E2D0B7}.Debug|x86.ActiveCfg = Debug|Any CPU
		{C1756F90-B5F0-4DBC-B1BC-ECE8A8E2D0B7}.Debug|x86.Build.0 = Debug|Any CPU
		{C1756F90-B5F0-4DBC-B1BC-ECE8A8E2D0B7}.Release|Any CPU.ActiveCfg = Release|Any CPU
		{C1756F90-B5F0-4DBC-B1BC-ECE8A8E2D0B7}.Release|Any CPU.Build.0 = Release|Any CPU
		{C1756F90-B5F0-4DBC-B1BC-ECE8A8E2D0B7}.Release|x64.ActiveCfg = Release|Any CPU
		{C1756F90-B5F0-4DBC-B1BC-ECE8A8E2D0B7}.Release|x64.Build.0 = Release|Any CPU
		{C1756F90-B5F0-4DBC-B1BC-ECE8A8E2D0B7}.Release|x86.ActiveCfg = Release|Any CPU
		{C1756F90-B5F0-4DBC-B1BC-ECE8A8E2D0B7}.Release|x86.Build.0 = Release|Any CPU
		{7EA9E67B-CC12-4B6B-888B-70E37023DA5A}.Debug|Any CPU.ActiveCfg = Debug|Any CPU
		{7EA9E67B-CC12-4B6B-888B-70E37023DA5A}.Debug|Any CPU.Build.0 = Debug|Any CPU
		{7EA9E67B-CC12-4B6B-888B-70E37023DA5A}.Debug|x64.ActiveCfg = Debug|Any CPU
		{7EA9E67B-CC12-4B6B-888B-70E37023DA5A}.Debug|x64.Build.0 = Debug|Any CPU
		{7EA9E67B-CC12-4B6B-888B-70E37023DA5A}.Debug|x86.ActiveCfg = Debug|Any CPU
		{7EA9E67B-CC12-4B6B-888B-70E37023DA5A}.Debug|x86.Build.0 = Debug|Any CPU
		{7EA9E67B-CC12-4B6B-888B-70E37023DA5A}.Release|Any CPU.ActiveCfg = Release|Any CPU
		{7EA9E67B-CC12-4B6B-888B-70E37023DA5A}.Release|Any CPU.Build.0 = Release|Any CPU
		{7EA9E67B-CC12-4B6B-888B-70E37023DA5A}.Release|x64.ActiveCfg = Release|Any CPU
		{7EA9E67B-CC12-4B6B-888B-70E37023DA5A}.Release|x64.Build.0 = Release|Any CPU
		{7EA9E67B-CC12-4B6B-888B-70E37023DA5A}.Release|x86.ActiveCfg = Release|Any CPU
		{7EA9E67B-CC12-4B6B-888B-70E37023DA5A}.Release|x86.Build.0 = Release|Any CPU
		{23474816-A8A4-4B38-B584-26EA53FFE3F6}.Debug|Any CPU.ActiveCfg = Debug|Any CPU
		{23474816-A8A4-4B38-B584-26EA53FFE3F6}.Debug|Any CPU.Build.0 = Debug|Any CPU
		{23474816-A8A4-4B38-B584-26EA53FFE3F6}.Debug|x64.ActiveCfg = Debug|Any CPU
		{23474816-A8A4-4B38-B584-26EA53FFE3F6}.Debug|x64.Build.0 = Debug|Any CPU
		{23474816-A8A4-4B38-B584-26EA53FFE3F6}.Debug|x86.ActiveCfg = Debug|Any CPU
		{23474816-A8A4-4B38-B584-26EA53FFE3F6}.Debug|x86.Build.0 = Debug|Any CPU
		{23474816-A8A4-4B38-B584-26EA53FFE3F6}.Release|Any CPU.ActiveCfg = Release|Any CPU
		{23474816-A8A4-4B38-B584-26EA53FFE3F6}.Release|Any CPU.Build.0 = Release|Any CPU
		{23474816-A8A4-4B38-B584-26EA53FFE3F6}.Release|x64.ActiveCfg = Release|Any CPU
		{23474816-A8A4-4B38-B584-26EA53FFE3F6}.Release|x64.Build.0 = Release|Any CPU
		{23474816-A8A4-4B38-B584-26EA53FFE3F6}.Release|x86.ActiveCfg = Release|Any CPU
		{23474816-A8A4-4B38-B584-26EA53FFE3F6}.Release|x86.Build.0 = Release|Any CPU
		{44597E86-0300-4F4E-9E72-771D4C9E4009}.Debug|Any CPU.ActiveCfg = Debug|Any CPU
		{44597E86-0300-4F4E-9E72-771D4C9E4009}.Debug|Any CPU.Build.0 = Debug|Any CPU
		{44597E86-0300-4F4E-9E72-771D4C9E4009}.Debug|x64.ActiveCfg = Debug|Any CPU
		{44597E86-0300-4F4E-9E72-771D4C9E4009}.Debug|x64.Build.0 = Debug|Any CPU
		{44597E86-0300-4F4E-9E72-771D4C9E4009}.Debug|x86.ActiveCfg = Debug|Any CPU
		{44597E86-0300-4F4E-9E72-771D4C9E4009}.Debug|x86.Build.0 = Debug|Any CPU
		{44597E86-0300-4F4E-9E72-771D4C9E4009}.Release|Any CPU.ActiveCfg = Release|Any CPU
		{44597E86-0300-4F4E-9E72-771D4C9E4009}.Release|Any CPU.Build.0 = Release|Any CPU
		{44597E86-0300-4F4E-9E72-771D4C9E4009}.Release|x64.ActiveCfg = Release|Any CPU
		{44597E86-0300-4F4E-9E72-771D4C9E4009}.Release|x64.Build.0 = Release|Any CPU
		{44597E86-0300-4F4E-9E72-771D4C9E4009}.Release|x86.ActiveCfg = Release|Any CPU
		{44597E86-0300-4F4E-9E72-771D4C9E4009}.Release|x86.Build.0 = Release|Any CPU
		{07EE1022-EB9E-4B61-BE5A-A0D5CBF8EC03}.Debug|Any CPU.ActiveCfg = Debug|Any CPU
		{07EE1022-EB9E-4B61-BE5A-A0D5CBF8EC03}.Debug|Any CPU.Build.0 = Debug|Any CPU
		{07EE1022-EB9E-4B61-BE5A-A0D5CBF8EC03}.Debug|x64.ActiveCfg = Debug|Any CPU
		{07EE1022-EB9E-4B61-BE5A-A0D5CBF8EC03}.Debug|x64.Build.0 = Debug|Any CPU
		{07EE1022-EB9E-4B61-BE5A-A0D5CBF8EC03}.Debug|x86.ActiveCfg = Debug|Any CPU
		{07EE1022-EB9E-4B61-BE5A-A0D5CBF8EC03}.Debug|x86.Build.0 = Debug|Any CPU
		{07EE1022-EB9E-4B61-BE5A-A0D5CBF8EC03}.Release|Any CPU.ActiveCfg = Release|Any CPU
		{07EE1022-EB9E-4B61-BE5A-A0D5CBF8EC03}.Release|Any CPU.Build.0 = Release|Any CPU
		{07EE1022-EB9E-4B61-BE5A-A0D5CBF8EC03}.Release|x64.ActiveCfg = Release|Any CPU
		{07EE1022-EB9E-4B61-BE5A-A0D5CBF8EC03}.Release|x64.Build.0 = Release|Any CPU
		{07EE1022-EB9E-4B61-BE5A-A0D5CBF8EC03}.Release|x86.ActiveCfg = Release|Any CPU
		{07EE1022-EB9E-4B61-BE5A-A0D5CBF8EC03}.Release|x86.Build.0 = Release|Any CPU
	EndGlobalSection
	GlobalSection(SolutionProperties) = preSolution
		HideSolutionNode = FALSE
	EndGlobalSection
	GlobalSection(NestedProjects) = preSolution
		{5047175F-E5E7-47B8-8738-9FB2E73D55EA} = {3D7BAFFB-3D09-3D19-997E-EB5C0C18DDE0}
		{33F3919B-CD71-4765-B1DA-3DA10FB21B3C} = {3D7BAFFB-3D09-3D19-997E-EB5C0C18DDE0}
		{83A221B6-0318-4039-BE75-3C4DB65790B5} = {3D7BAFFB-3D09-3D19-997E-EB5C0C18DDE0}
		{E81752A5-A068-4E01-A8DA-9C20F39A4257} = {45A64FBB-C8E4-B0EE-4D25-67C442784625}
		{68617C79-635E-4441-AF7F-C0E712C6A99B} = {45A64FBB-C8E4-B0EE-4D25-67C442784625}
		{0EDE63AE-F87E-4C0A-A59E-EE6514392B12} = {45A64FBB-C8E4-B0EE-4D25-67C442784625}
		{CD6928DE-7974-4A2D-B43C-8ED4A57F1B8D} = {45A64FBB-C8E4-B0EE-4D25-67C442784625}
		{C1756F90-B5F0-4DBC-B1BC-ECE8A8E2D0B7} = {02EA681E-C7D8-13C7-8484-4AC65E1B71E8}
		{7EA9E67B-CC12-4B6B-888B-70E37023DA5A} = {02EA681E-C7D8-13C7-8484-4AC65E1B71E8}
		{23474816-A8A4-4B38-B584-26EA53FFE3F6} = {02EA681E-C7D8-13C7-8484-4AC65E1B71E8}
		{44597E86-0300-4F4E-9E72-771D4C9E4009} = {02EA681E-C7D8-13C7-8484-4AC65E1B71E8}
		{07EE1022-EB9E-4B61-BE5A-A0D5CBF8EC03} = {02EA681E-C7D8-13C7-8484-4AC65E1B71E8}
	EndGlobalSection
	GlobalSection(ExtensibilityGlobals) = postSolution
		SolutionGuid = {39AF4E2D-1E3A-46F6-B28C-2703452391A1}
	EndGlobalSection
EndGlobal
